
Microsoft Visual Studio Solution File, Format Version 12.00
# Visual Studio Version 17
VisualStudioVersion = 17.14.36717.8
MinimumVisualStudioVersion = 10.0.40219.1
Project("{2150E333-8FDC-42A3-9474-1A3956D46DE8}") = "Task0", "Task0", "{02EA681E-C7D8-13C7-8484-4AC65E1B71E8}"
EndProject
Project("{2150E333-8FDC-42A3-9474-1A3956D46DE8}") = "Task1", "Task1", "{06EDAED7-19DF-4E52-A404-234BE838DC0A}"
EndProject
Project("{2150E333-8FDC-42A3-9474-1A3956D46DE8}") = "Task2", "Task2", "{DA962CAA-CCAA-4A50-92F2-CE8B33244D70}"
EndProject
Project("{FAE04EC0-301F-11D3-BF4B-00C04F79EFBC}") = "Tyuiu.Programmiste.Sprint6.Task0.V28", "Tyuiu.Programmiste.Sprint6.Task0.V28\Tyuiu.Programmiste.Sprint6.Task0.V28.csproj", "{ECB0EE14-EE6D-410A-9A1C-8A593DF5F27E}"
EndProject
Project("{FAE04EC0-301F-11D3-BF4B-00C04F79EFBC}") = "Tyuiu.Programmiste.Sprint6.Task0.V28.Test", "Tyuiu.Programmiste.Sprint6.Task0.V28.Test\Tyuiu.Programmiste.Sprint6.Task0.V28.Test.csproj", "{390EF8F1-CD15-4913-AA00-E206C3833BD3}"
EndProject
Project("{FAE04EC0-301F-11D3-BF4B-00C04F79EFBC}") = "Tyuiu.Programmiste.Sprint6.Task0.V28.Lib", "Tyuiu.Programmiste.Sprint6.Task0.V28.Lib\Tyuiu.Programmiste.Sprint6.Task0.V28.Lib.csproj", "{540FD88B-7363-4088-9CB5-F9F3C4B63BFA}"
EndProject
Project("{FAE04EC0-301F-11D3-BF4B-00C04F79EFBC}") = "Tyuiu.Programmiste.Sprint6.Task1.V8.Lib", "Tyuiu.Programmiste.Sprint6.Task1.V8.Lib\Tyuiu.Programmiste.Sprint6.Task1.V8.Lib.csproj", "{8320C59A-907A-4B60-8152-B905FE7ECB85}"
EndProject
Project("{FAE04EC0-301F-11D3-BF4B-00C04F79EFBC}") = "Tyuiu.Programmiste.Sprint6.Task1.V8.Test", "Tyuiu.Programmiste.Sprint6.Task1.V8.Test\Tyuiu.Programmiste.Sprint6.Task1.V8.Test.csproj", "{2E8F40E5-2B4C-4C8C-B5B2-B3AE3F1D04C4}"
EndProject
Project("{FAE04EC0-301F-11D3-BF4B-00C04F79EFBC}") = "Tyuiu.Programmiste.Sprint6.Task1.V8.", "Tyuiu.Programmiste.Sprint6.Task1.V8\Tyuiu.Programmiste.Sprint6.Task1.V8..csproj", "{35DFD337-6F77-41EC-84D5-775FCFD8AF0C}"
EndProject
Project("{FAE04EC0-301F-11D3-BF4B-00C04F79EFBC}") = "Tyuiu.Programmiste.Sprint6.Task2.V28.", "Tyuiu.Programmiste.Sprint6.Task2.V28\Tyuiu.Programmiste.Sprint6.Task2.V28..csproj", "{BF015EE8-93AE-467E-BA28-58E5F3441F3E}"
EndProject
Project("{FAE04EC0-301F-11D3-BF4B-00C04F79EFBC}") = "Tyuiu.Programmiste.Sprint6.Task2.V28.Test", "Tyuiu.Programmiste.Sprint6.Task2.V28.Test\Tyuiu.Programmiste.Sprint6.Task2.V28.Test.csproj", "{E0E188FA-42F7-41D5-B710-9E05BF06D271}"
EndProject
Project("{FAE04EC0-301F-11D3-BF4B-00C04F79EFBC}") = "Tyuiu.Programmiste.Sprint6.Task2.V28.Lib", "Tyuiu.Programmiste.Sprint6.Task2.V28.Lib\Tyuiu.Programmiste.Sprint6.Task2.V28.Lib.csproj", "{A75A4132-1B8A-4F73-BA97-379231329E29}"
EndProject
Project("{2150E333-8FDC-42A3-9474-1A3956D46DE8}") = "Task4", "Task4", "{F2EF638A-0D07-4C73-A39D-0969969DACF7}"
EndProject
Project("{2150E333-8FDC-42A3-9474-1A3956D46DE8}") = "Task5", "Task5", "{19766113-218F-4E6C-A44D-A1E6F72C4538}"
EndProject
Project("{2150E333-8FDC-42A3-9474-1A3956D46DE8}") = "Task6", "Task6", "{0FECD9C0-3CC8-415B-99E6-ED58220ABD4C}"
EndProject
Project("{2150E333-8FDC-42A3-9474-1A3956D46DE8}") = "Task7", "Task7", "{CDE7AE6B-DE51-4614-8479-9C096B1D43C1}"
EndProject
Project("{2150E333-8FDC-42A3-9474-1A3956D46DE8}") = "Task3", "Task3", "{5D51FA30-E44F-49CA-ACCC-EA40C9830657}"
EndProject
Project("{FAE04EC0-301F-11D3-BF4B-00C04F79EFBC}") = "Tyuiu.Programmiste.Sprint6.Task3.V18", "Tyuiu.Programmiste.Sprint6.Task3.V18\Tyuiu.Programmiste.Sprint6.Task3.V18.csproj", "{AAF321D5-737A-454D-A3B0-558ACFBDD073}"
EndProject
Project("{FAE04EC0-301F-11D3-BF4B-00C04F79EFBC}") = "Tyuiu.Programmiste.Sprint6.Task3.V18.Test", "Tyuiu.Programmiste.Sprint6.Task3.V18.Test\Tyuiu.Programmiste.Sprint6.Task3.V18.Test.csproj", "{D425F41C-6981-4D19-A14E-99D094F1D545}"
EndProject
Project("{FAE04EC0-301F-11D3-BF4B-00C04F79EFBC}") = "Tyuiu.Programmiste.Sprint6.Task3.V18.Lib", "Tyuiu.Programmiste.Sprint6.Task3.V18.Lib\Tyuiu.Programmiste.Sprint6.Task3.V18.Lib.csproj", "{CE3197B3-54AA-41C9-BE03-4A2F1A1AB73F}"
EndProject
Project("{FAE04EC0-301F-11D3-BF4B-00C04F79EFBC}") = "Tyuiu.Programmiste.Sprint6.Task4.V8.Lib", "Tyuiu.Programmiste.Sprint6.Task4.V8.Lib\Tyuiu.Programmiste.Sprint6.Task4.V8.Lib.csproj", "{59F8ADBA-40FB-45A0-B162-7F1C57906D04}"
EndProject
Project("{FAE04EC0-301F-11D3-BF4B-00C04F79EFBC}") = "Tyuiu.Programmiste.Sprint6.Task4.V8.Test", "Tyuiu.Programmiste.Sprint6.Task4.V8.Test\Tyuiu.Programmiste.Sprint6.Task4.V8.Test.csproj", "{6B531CFC-1AE8-476D-BF66-980B7201D41C}"
EndProject
Project("{FAE04EC0-301F-11D3-BF4B-00C04F79EFBC}") = "Tyuiu.Programmiste.Sprint6.Task4.V8", "Tyuiu.Programmiste.Sprint6.Task4.V8\Tyuiu.Programmiste.Sprint6.Task4.V8.csproj", "{840D5EB3-0B6D-400C-B287-BC20595C8F66}"
EndProject
Project("{FAE04EC0-301F-11D3-BF4B-00C04F79EFBC}") = "Tyuiu.Programmiste.Sprint6.Task5.V4", "Tyuiu.Programmiste.Sprint6.Task5.V4\Tyuiu.Programmiste.Sprint6.Task5.V4.csproj", "{25D6606D-9A94-4BA8-8A3E-2F8FCC966340}"
EndProject
Project("{FAE04EC0-301F-11D3-BF4B-00C04F79EFBC}") = "Tyuiu.Programmiste.Sprint6.Task5.V4.Test", "Tyuiu.Programmiste.Sprint6.Task5.V4.Test\Tyuiu.Programmiste.Sprint6.Task5.V4.Test.csproj", "{6755B7FB-3BCA-4693-9FB9-615196304614}"
EndProject
Project("{FAE04EC0-301F-11D3-BF4B-00C04F79EFBC}") = "Tyuiu.Programmiste.Sprint6.Task5.V4.Lib", "Tyuiu.Programmiste.Sprint6.Task5.V4.Lib\Tyuiu.Programmiste.Sprint6.Task5.V4.Lib.csproj", "{FFB1FDAA-6BAD-4846-BED9-EA66C3BF3AE0}"
EndProject
Global
	GlobalSection(SolutionConfigurationPlatforms) = preSolution
		Debug|Any CPU = Debug|Any CPU
		Release|Any CPU = Release|Any CPU
	EndGlobalSection
	GlobalSection(ProjectConfigurationPlatforms) = postSolution
		{ECB0EE14-EE6D-410A-9A1C-8A593DF5F27E}.Debug|Any CPU.ActiveCfg = Debug|Any CPU
		{ECB0EE14-EE6D-410A-9A1C-8A593DF5F27E}.Debug|Any CPU.Build.0 = Debug|Any CPU
		{ECB0EE14-EE6D-410A-9A1C-8A593DF5F27E}.Release|Any CPU.ActiveCfg = Release|Any CPU
		{ECB0EE14-EE6D-410A-9A1C-8A593DF5F27E}.Release|Any CPU.Build.0 = Release|Any CPU
		{390EF8F1-CD15-4913-AA00-E206C3833BD3}.Debug|Any CPU.ActiveCfg = Debug|Any CPU
		{390EF8F1-CD15-4913-AA00-E206C3833BD3}.Debug|Any CPU.Build.0 = Debug|Any CPU
		{390EF8F1-CD15-4913-AA00-E206C3833BD3}.Release|Any CPU.ActiveCfg = Release|Any CPU
		{390EF8F1-CD15-4913-AA00-E206C3833BD3}.Release|Any CPU.Build.0 = Release|Any CPU
		{540FD88B-7363-4088-9CB5-F9F3C4B63BFA}.Debug|Any CPU.ActiveCfg = Debug|Any CPU
		{540FD88B-7363-4088-9CB5-F9F3C4B63BFA}.Debug|Any CPU.Build.0 = Debug|Any CPU
		{540FD88B-7363-4088-9CB5-F9F3C4B63BFA}.Release|Any CPU.ActiveCfg = Release|Any CPU
		{540FD88B-7363-4088-9CB5-F9F3C4B63BFA}.Release|Any CPU.Build.0 = Release|Any CPU
		{8320C59A-907A-4B60-8152-B905FE7ECB85}.Debug|Any CPU.ActiveCfg = Debug|Any CPU
		{8320C59A-907A-4B60-8152-B905FE7ECB85}.Debug|Any CPU.Build.0 = Debug|Any CPU
		{8320C59A-907A-4B60-8152-B905FE7ECB85}.Release|Any CPU.ActiveCfg = Release|Any CPU
		{8320C59A-907A-4B60-8152-B905FE7ECB85}.Release|Any CPU.Build.0 = Release|Any CPU
		{2E8F40E5-2B4C-4C8C-B5B2-B3AE3F1D04C4}.Debug|Any CPU.ActiveCfg = Debug|Any CPU
		{2E8F40E5-2B4C-4C8C-B5B2-B3AE3F1D04C4}.Debug|Any CPU.Build.0 = Debug|Any CPU
		{2E8F40E5-2B4C-4C8C-B5B2-B3AE3F1D04C4}.Release|Any CPU.ActiveCfg = Release|Any CPU
		{2E8F40E5-2B4C-4C8C-B5B2-B3AE3F1D04C4}.Release|Any CPU.Build.0 = Release|Any CPU
		{35DFD337-6F77-41EC-84D5-775FCFD8AF0C}.Debug|Any CPU.ActiveCfg = Debug|Any CPU
		{35DFD337-6F77-41EC-84D5-775FCFD8AF0C}.Debug|Any CPU.Build.0 = Debug|Any CPU
		{35DFD337-6F77-41EC-84D5-775FCFD8AF0C}.Release|Any CPU.ActiveCfg = Release|Any CPU
		{35DFD337-6F77-41EC-84D5-775FCFD8AF0C}.Release|Any CPU.Build.0 = Release|Any CPU
		{BF015EE8-93AE-467E-BA28-58E5F3441F3E}.Debug|Any CPU.ActiveCfg = Debug|Any CPU
		{BF015EE8-93AE-467E-BA28-58E5F3441F3E}.Debug|Any CPU.Build.0 = Debug|Any CPU
		{BF015EE8-93AE-467E-BA28-58E5F3441F3E}.Release|Any CPU.ActiveCfg = Release|Any CPU
		{BF015EE8-93AE-467E-BA28-58E5F3441F3E}.Release|Any CPU.Build.0 = Release|Any CPU
		{E0E188FA-42F7-41D5-B710-9E05BF06D271}.Debug|Any CPU.ActiveCfg = Debug|Any CPU
		{E0E188FA-42F7-41D5-B710-9E05BF06D271}.Debug|Any CPU.Build.0 = Debug|Any CPU
		{E0E188FA-42F7-41D5-B710-9E05BF06D271}.Release|Any CPU.ActiveCfg = Release|Any CPU
		{E0E188FA-42F7-41D5-B710-9E05BF06D271}.Release|Any CPU.Build.0 = Release|Any CPU
		{A75A4132-1B8A-4F73-BA97-379231329E29}.Debug|Any CPU.ActiveCfg = Debug|Any CPU
		{A75A4132-1B8A-4F73-BA97-379231329E29}.Debug|Any CPU.Build.0 = Debug|Any CPU
		{A75A4132-1B8A-4F73-BA97-379231329E29}.Release|Any CPU.ActiveCfg = Release|Any CPU
		{A75A4132-1B8A-4F73-BA97-379231329E29}.Release|Any CPU.Build.0 = Release|Any CPU
		{AAF321D5-737A-454D-A3B0-558ACFBDD073}.Debug|Any CPU.ActiveCfg = Debug|Any CPU
		{AAF321D5-737A-454D-A3B0-558ACFBDD073}.Debug|Any CPU.Build.0 = Debug|Any CPU
		{AAF321D5-737A-454D-A3B0-558ACFBDD073}.Release|Any CPU.ActiveCfg = Release|Any CPU
		{AAF321D5-737A-454D-A3B0-558ACFBDD073}.Release|Any CPU.Build.0 = Release|Any CPU
		{D425F41C-6981-4D19-A14E-99D094F1D545}.Debug|Any CPU.ActiveCfg = Debug|Any CPU
		{D425F41C-6981-4D19-A14E-99D094F1D545}.Debug|Any CPU.Build.0 = Debug|Any CPU
		{D425F41C-6981-4D19-A14E-99D094F1D545}.Release|Any CPU.ActiveCfg = Release|Any CPU
		{D425F41C-6981-4D19-A14E-99D094F1D545}.Release|Any CPU.Build.0 = Release|Any CPU
		{CE3197B3-54AA-41C9-BE03-4A2F1A1AB73F}.Debug|Any CPU.ActiveCfg = Debug|Any CPU
		{CE3197B3-54AA-41C9-BE03-4A2F1A1AB73F}.Debug|Any CPU.Build.0 = Debug|Any CPU
		{CE3197B3-54AA-41C9-BE03-4A2F1A1AB73F}.Release|Any CPU.ActiveCfg = Release|Any CPU
		{CE3197B3-54AA-41C9-BE03-4A2F1A1AB73F}.Release|Any CPU.Build.0 = Release|Any CPU
		{59F8ADBA-40FB-45A0-B162-7F1C57906D04}.Debug|Any CPU.ActiveCfg = Debug|Any CPU
		{59F8ADBA-40FB-45A0-B162-7F1C57906D04}.Debug|Any CPU.Build.0 = Debug|Any CPU
		{59F8ADBA-40FB-45A0-B162-7F1C57906D04}.Release|Any CPU.ActiveCfg = Release|Any CPU
		{59F8ADBA-40FB-45A0-B162-7F1C57906D04}.Release|Any CPU.Build.0 = Release|Any CPU
		{6B531CFC-1AE8-476D-BF66-980B7201D41C}.Debug|Any CPU.ActiveCfg = Debug|Any CPU
		{6B531CFC-1AE8-476D-BF66-980B7201D41C}.Debug|Any CPU.Build.0 = Debug|Any CPU
		{6B531CFC-1AE8-476D-BF66-980B7201D41C}.Release|Any CPU.ActiveCfg = Release|Any CPU
		{6B531CFC-1AE8-476D-BF66-980B7201D41C}.Release|Any CPU.Build.0 = Release|Any CPU
		{840D5EB3-0B6D-400C-B287-BC20595C8F66}.Debug|Any CPU.ActiveCfg = Debug|Any CPU
		{840D5EB3-0B6D-400C-B287-BC20595C8F66}.Debug|Any CPU.Build.0 = Debug|Any CPU
		{840D5EB3-0B6D-400C-B287-BC20595C8F66}.Release|Any CPU.ActiveCfg = Release|Any CPU
		{840D5EB3-0B6D-400C-B287-BC20595C8F66}.Release|Any CPU.Build.0 = Release|Any CPU
		{25D6606D-9A94-4BA8-8A3E-2F8FCC966340}.Debug|Any CPU.ActiveCfg = Debug|Any CPU
		{25D6606D-9A94-4BA8-8A3E-2F8FCC966340}.Debug|Any CPU.Build.0 = Debug|Any CPU
		{25D6606D-9A94-4BA8-8A3E-2F8FCC966340}.Release|Any CPU.ActiveCfg = Release|Any CPU
		{25D6606D-9A94-4BA8-8A3E-2F8FCC966340}.Release|Any CPU.Build.0 = Release|Any CPU
		{6755B7FB-3BCA-4693-9FB9-615196304614}.Debug|Any CPU.ActiveCfg = Debug|Any CPU
		{6755B7FB-3BCA-4693-9FB9-615196304614}.Debug|Any CPU.Build.0 = Debug|Any CPU
		{6755B7FB-3BCA-4693-9FB9-615196304614}.Release|Any CPU.ActiveCfg = Release|Any CPU
		{6755B7FB-3BCA-4693-9FB9-615196304614}.Release|Any CPU.Build.0 = Release|Any CPU
		{FFB1FDAA-6BAD-4846-BED9-EA66C3BF3AE0}.Debug|Any CPU.ActiveCfg = Debug|Any CPU
		{FFB1FDAA-6BAD-4846-BED9-EA66C3BF3AE0}.Debug|Any CPU.Build.0 = Debug|Any CPU
		{FFB1FDAA-6BAD-4846-BED9-EA66C3BF3AE0}.Release|Any CPU.ActiveCfg = Release|Any CPU
		{FFB1FDAA-6BAD-4846-BED9-EA66C3BF3AE0}.Release|Any CPU.Build.0 = Release|Any CPU
	EndGlobalSection
	GlobalSection(SolutionProperties) = preSolution
		HideSolutionNode = FALSE
	EndGlobalSection
	GlobalSection(NestedProjects) = preSolution
		{ECB0EE14-EE6D-410A-9A1C-8A593DF5F27E} = {02EA681E-C7D8-13C7-8484-4AC65E1B71E8}
		{390EF8F1-CD15-4913-AA00-E206C3833BD3} = {02EA681E-C7D8-13C7-8484-4AC65E1B71E8}
		{540FD88B-7363-4088-9CB5-F9F3C4B63BFA} = {02EA681E-C7D8-13C7-8484-4AC65E1B71E8}
		{8320C59A-907A-4B60-8152-B905FE7ECB85} = {06EDAED7-19DF-4E52-A404-234BE838DC0A}
		{2E8F40E5-2B4C-4C8C-B5B2-B3AE3F1D04C4} = {06EDAED7-19DF-4E52-A404-234BE838DC0A}
		{35DFD337-6F77-41EC-84D5-775FCFD8AF0C} = {06EDAED7-19DF-4E52-A404-234BE838DC0A}
		{BF015EE8-93AE-467E-BA28-58E5F3441F3E} = {DA962CAA-CCAA-4A50-92F2-CE8B33244D70}
		{E0E188FA-42F7-41D5-B710-9E05BF06D271} = {DA962CAA-CCAA-4A50-92F2-CE8B33244D70}
		{A75A4132-1B8A-4F73-BA97-379231329E29} = {DA962CAA-CCAA-4A50-92F2-CE8B33244D70}
		{AAF321D5-737A-454D-A3B0-558ACFBDD073} = {5D51FA30-E44F-49CA-ACCC-EA40C9830657}
		{D425F41C-6981-4D19-A14E-99D094F1D545} = {5D51FA30-E44F-49CA-ACCC-EA40C9830657}
		{CE3197B3-54AA-41C9-BE03-4A2F1A1AB73F} = {5D51FA30-E44F-49CA-ACCC-EA40C9830657}
		{59F8ADBA-40FB-45A0-B162-7F1C57906D04} = {F2EF638A-0D07-4C73-A39D-0969969DACF7}
		{6B531CFC-1AE8-476D-BF66-980B7201D41C} = {F2EF638A-0D07-4C73-A39D-0969969DACF7}
		{840D5EB3-0B6D-400C-B287-BC20595C8F66} = {F2EF638A-0D07-4C73-A39D-0969969DACF7}
		{25D6606D-9A94-4BA8-8A3E-2F8FCC966340} = {19766113-218F-4E6C-A44D-A1E6F72C4538}
		{6755B7FB-3BCA-4693-9FB9-615196304614} = {19766113-218F-4E6C-A44D-A1E6F72C4538}
		{FFB1FDAA-6BAD-4846-BED9-EA66C3BF3AE0} = {19766113-218F-4E6C-A44D-A1E6F72C4538}
	EndGlobalSection
	GlobalSection(ExtensibilityGlobals) = postSolution
		SolutionGuid = {A987CDF8-9941-432F-9F45-A1A8F855650F}
	EndGlobalSection
EndGlobal
